// !$*UTF8*$!
{
	archiveVersion = 1;
	classes = {
	};
	objectVersion = 55;
	objects = {

/* Begin PBXBuildFile section */
		F139B9AE27CBE69800AC2D31 /* AppDelegate.swift in Sources */ = {isa = PBXBuildFile; fileRef = F139B9AD27CBE69800AC2D31 /* AppDelegate.swift */; };
		F139B9B027CBE69800AC2D31 /* SceneDelegate.swift in Sources */ = {isa = PBXBuildFile; fileRef = F139B9AF27CBE69800AC2D31 /* SceneDelegate.swift */; };
		F139B9B227CBE69800AC2D31 /* ViewController.swift in Sources */ = {isa = PBXBuildFile; fileRef = F139B9B127CBE69800AC2D31 /* ViewController.swift */; };
		F139B9B527CBE69800AC2D31 /* Main.storyboard in Resources */ = {isa = PBXBuildFile; fileRef = F139B9B327CBE69800AC2D31 /* Main.storyboard */; };
		F139B9B727CBE69900AC2D31 /* Assets.xcassets in Resources */ = {isa = PBXBuildFile; fileRef = F139B9B627CBE69900AC2D31 /* Assets.xcassets */; };
		F139B9BA27CBE69900AC2D31 /* LaunchScreen.storyboard in Resources */ = {isa = PBXBuildFile; fileRef = F139B9B827CBE69900AC2D31 /* LaunchScreen.storyboard */; };
		F139B9C527CBE69900AC2D31 /* task2Tests.swift in Sources */ = {isa = PBXBuildFile; fileRef = F139B9C427CBE69900AC2D31 /* task2Tests.swift */; };
		F139B9CF27CBE69900AC2D31 /* task2UITests.swift in Sources */ = {isa = PBXBuildFile; fileRef = F139B9CE27CBE69900AC2D31 /* task2UITests.swift */; };
		F139B9D127CBE69900AC2D31 /* task2UITestsLaunchTests.swift in Sources */ = {isa = PBXBuildFile; fileRef = F139B9D027CBE69900AC2D31 /* task2UITestsLaunchTests.swift */; };
/* End PBXBuildFile section */

/* Begin PBXContainerItemProxy section */
		F139B9C127CBE69900AC2D31 /* PBXContainerItemProxy */ = {
			isa = PBXContainerItemProxy;
			containerPortal = F139B9A227CBE69800AC2D31 /* Project object */;
			proxyType = 1;
			remoteGlobalIDString = F139B9A927CBE69800AC2D31;
			remoteInfo = task2;
		};
		F139B9CB27CBE69900AC2D31 /* PBXContainerItemProxy */ = {
			isa = PBXContainerItemProxy;
			containerPortal = F139B9A227CBE69800AC2D31 /* Project object */;
			proxyType = 1;
			remoteGlobalIDString = F139B9A927CBE69800AC2D31;
			remoteInfo = task2;
		};
/* End PBXContainerItemProxy section */

/* Begin PBXFileReference section */
		F139B9AA27CBE69800AC2D31 /* task2.app */ = {isa = PBXFileReference; explicitFileType = wrapper.application; includeInIndex = 0; path = task2.app; sourceTree = BUILT_PRODUCTS_DIR; };
		F139B9AD27CBE69800AC2D31 /* AppDelegate.swift */ = {isa = PBXFileReference; lastKnownFileType = sourcecode.swift; path = AppDelegate.swift; sourceTree = "<group>"; };
		F139B9AF27CBE69800AC2D31 /* SceneDelegate.swift */ = {isa = PBXFileReference; lastKnownFileType = sourcecode.swift; path = SceneDelegate.swift; sourceTree = "<group>"; };
		F139B9B127CBE69800AC2D31 /* ViewController.swift */ = {isa = PBXFileReference; lastKnownFileType = sourcecode.swift; path = ViewController.swift; sourceTree = "<group>"; };
		F139B9B427CBE69800AC2D31 /* Base */ = {isa = PBXFileReference; lastKnownFileType = file.storyboard; name = Base; path = Base.lproj/Main.storyboard; sourceTree = "<group>"; };
		F139B9B627CBE69900AC2D31 /* Assets.xcassets */ = {isa = PBXFileReference; lastKnownFileType = folder.assetcatalog; path = Assets.xcassets; sourceTree = "<group>"; };
		F139B9B927CBE69900AC2D31 /* Base */ = {isa = PBXFileReference; lastKnownFileType = file.storyboard; name = Base; path = Base.lproj/LaunchScreen.storyboard; sourceTree = "<group>"; };
		F139B9BB27CBE69900AC2D31 /* Info.plist */ = {isa = PBXFileReference; lastKnownFileType = text.plist.xml; path = Info.plist; sourceTree = "<group>"; };
		F139B9C027CBE69900AC2D31 /* task2Tests.xctest */ = {isa = PBXFileReference; explicitFileType = wrapper.cfbundle; includeInIndex = 0; path = task2Tests.xctest; sourceTree = BUILT_PRODUCTS_DIR; };
		F139B9C427CBE69900AC2D31 /* task2Tests.swift */ = {isa = PBXFileReference; lastKnownFileType = sourcecode.swift; path = task2Tests.swift; sourceTree = "<group>"; };
		F139B9CA27CBE69900AC2D31 /* task2UITests.xctest */ = {isa = PBXFileReference; explicitFileType = wrapper.cfbundle; includeInIndex = 0; path = task2UITests.xctest; sourceTree = BUILT_PRODUCTS_DIR; };
		F139B9CE27CBE69900AC2D31 /* task2UITests.swift */ = {isa = PBXFileReference; lastKnownFileType = sourcecode.swift; path = task2UITests.swift; sourceTree = "<group>"; };
		F139B9D027CBE69900AC2D31 /* task2UITestsLaunchTests.swift */ = {isa = PBXFileReference; lastKnownFileType = sourcecode.swift; path = task2UITestsLaunchTests.swift; sourceTree = "<group>"; };
/* End PBXFileReference section */

/* Begin PBXFrameworksBuildPhase section */
		F139B9A727CBE69800AC2D31 /* Frameworks */ = {
			isa = PBXFrameworksBuildPhase;
			buildActionMask = 2147483647;
			files = (
			);
			runOnlyForDeploymentPostprocessing = 0;
		};
		F139B9BD27CBE69900AC2D31 /* Frameworks */ = {
			isa = PBXFrameworksBuildPhase;
			buildActionMask = 2147483647;
			files = (
			);
			runOnlyForDeploymentPostprocessing = 0;
		};
		F139B9C727CBE69900AC2D31 /* Frameworks */ = {
			isa = PBXFrameworksBuildPhase;
			buildActionMask = 2147483647;
			files = (
			);
			runOnlyForDeploymentPostprocessing = 0;
		};
/* End PBXFrameworksBuildPhase section */

/* Begin PBXGroup section */
		F139B9A127CBE69800AC2D31 = {
			isa = PBXGroup;
			children = (
				F139B9AC27CBE69800AC2D31 /* task2 */,
				F139B9C327CBE69900AC2D31 /* task2Tests */,
				F139B9CD27CBE69900AC2D31 /* task2UITests */,
				F139B9AB27CBE69800AC2D31 /* Products */,
			);
			sourceTree = "<group>";
		};
		F139B9AB27CBE69800AC2D31 /* Products */ = {
			isa = PBXGroup;
			children = (
				F139B9AA27CBE69800AC2D31 /* task2.app */,
				F139B9C027CBE69900AC2D31 /* task2Tests.xctest */,
				F139B9CA27CBE69900AC2D31 /* task2UITests.xctest */,
			);
			name = Products;
			sourceTree = "<group>";
		};
		F139B9AC27CBE69800AC2D31 /* task2 */ = {
			isa = PBXGroup;
			children = (
				F139B9AD27CBE69800AC2D31 /* AppDelegate.swift */,
				F139B9AF27CBE69800AC2D31 /* SceneDelegate.swift */,
				F139B9B127CBE69800AC2D31 /* ViewController.swift */,
				F139B9B327CBE69800AC2D31 /* Main.storyboard */,
				F139B9B627CBE69900AC2D31 /* Assets.xcassets */,
				F139B9B827CBE69900AC2D31 /* LaunchScreen.storyboard */,
				F139B9BB27CBE69900AC2D31 /* Info.plist */,
			);
			path = task2;
			sourceTree = "<group>";
		};
		F139B9C327CBE69900AC2D31 /* task2Tests */ = {
			isa = PBXGroup;
			children = (
				F139B9C427CBE69900AC2D31 /* task2Tests.swift */,
			);
			path = task2Tests;
			sourceTree = "<group>";
		};
		F139B9CD27CBE69900AC2D31 /* task2UITests */ = {
			isa = PBXGroup;
			children = (
				F139B9CE27CBE69900AC2D31 /* task2UITests.swift */,
				F139B9D027CBE69900AC2D31 /* task2UITestsLaunchTests.swift */,
			);
			path = task2UITests;
			sourceTree = "<group>";
		};
/* End PBXGroup section */

/* Begin PBXNativeTarget section */
		F139B9A927CBE69800AC2D31 /* task2 */ = {
			isa = PBXNativeTarget;
			buildConfigurationList = F139B9D427CBE69900AC2D31 /* Build configuration list for PBXNativeTarget "task2" */;
			buildPhases = (
				F139B9A627CBE69800AC2D31 /* Sources */,
				F139B9A727CBE69800AC2D31 /* Frameworks */,
				F139B9A827CBE69800AC2D31 /* Resources */,
			);
			buildRules = (
			);
			dependencies = (
			);
			name = task2;
			productName = task2;
			productReference = F139B9AA27CBE69800AC2D31 /* task2.app */;
			productType = "com.apple.product-type.application";
		};
		F139B9BF27CBE69900AC2D31 /* task2Tests */ = {
			isa = PBXNativeTarget;
			buildConfigurationList = F139B9D727CBE69900AC2D31 /* Build configuration list for PBXNativeTarget "task2Tests" */;
			buildPhases = (
				F139B9BC27CBE69900AC2D31 /* Sources */,
				F139B9BD27CBE69900AC2D31 /* Frameworks */,
				F139B9BE27CBE69900AC2D31 /* Resources */,
			);
			buildRules = (
			);
			dependencies = (
				F139B9C227CBE69900AC2D31 /* PBXTargetDependency */,
			);
			name = task2Tests;
			productName = task2Tests;
			productReference = F139B9C027CBE69900AC2D31 /* task2Tests.xctest */;
			productType = "com.apple.product-type.bundle.unit-test";
		};
		F139B9C927CBE69900AC2D31 /* task2UITests */ = {
			isa = PBXNativeTarget;
			buildConfigurationList = F139B9DA27CBE69900AC2D31 /* Build configuration list for PBXNativeTarget "task2UITests" */;
			buildPhases = (
				F139B9C627CBE69900AC2D31 /* Sources */,
				F139B9C727CBE69900AC2D31 /* Frameworks */,
				F139B9C827CBE69900AC2D31 /* Resources */,
			);
			buildRules = (
			);
			dependencies = (
				F139B9CC27CBE69900AC2D31 /* PBXTargetDependency */,
			);
			name = task2UITests;
			productName = task2UITests;
			productReference = F139B9CA27CBE69900AC2D31 /* task2UITests.xctest */;
			productType = "com.apple.product-type.bundle.ui-testing";
		};
/* End PBXNativeTarget section */

/* Begin PBXProject section */
		F139B9A227CBE69800AC2D31 /* Project object */ = {
			isa = PBXProject;
			attributes = {
				BuildIndependentTargetsInParallel = 1;
				LastSwiftUpdateCheck = 1320;
				LastUpgradeCheck = 1320;
				TargetAttributes = {
					F139B9A927CBE69800AC2D31 = {
						CreatedOnToolsVersion = 13.2.1;
					};
					F139B9BF27CBE69900AC2D31 = {
						CreatedOnToolsVersion = 13.2.1;
						TestTargetID = F139B9A927CBE69800AC2D31;
					};
					F139B9C927CBE69900AC2D31 = {
						CreatedOnToolsVersion = 13.2.1;
						TestTargetID = F139B9A927CBE69800AC2D31;
					};
				};
			};
			buildConfigurationList = F139B9A527CBE69800AC2D31 /* Build configuration list for PBXProject "task2" */;
			compatibilityVersion = "Xcode 13.0";
			developmentRegion = en;
			hasScannedForEncodings = 0;
			knownRegions = (
				en,
				Base,
			);
			mainGroup = F139B9A127CBE69800AC2D31;
			productRefGroup = F139B9AB27CBE69800AC2D31 /* Products */;
			projectDirPath = "";
			projectRoot = "";
			targets = (
				F139B9A927CBE69800AC2D31 /* task2 */,
				F139B9BF27CBE69900AC2D31 /* task2Tests */,
				F139B9C927CBE69900AC2D31 /* task2UITests */,
			);
		};
/* End PBXProject section */

/* Begin PBXResourcesBuildPhase section */
		F139B9A827CBE69800AC2D31 /* Resources */ = {
			isa = PBXResourcesBuildPhase;
			buildActionMask = 2147483647;
			files = (
				F139B9BA27CBE69900AC2D31 /* LaunchScreen.storyboard in Resources */,
				F139B9B727CBE69900AC2D31 /* Assets.xcassets in Resources */,
				F139B9B527CBE69800AC2D31 /* Main.storyboard in Resources */,
			);
			runOnlyForDeploymentPostprocessing = 0;
		};
		F139B9BE27CBE69900AC2D31 /* Resources */ = {
			isa = PBXResourcesBuildPhase;
			buildActionMask = 2147483647;
			files = (
			);
			runOnlyForDeploymentPostprocessing = 0;
		};
		F139B9C827CBE69900AC2D31 /* Resources */ = {
			isa = PBXResourcesBuildPhase;
			buildActionMask = 2147483647;
			files = (
			);
			runOnlyForDeploymentPostprocessing = 0;
		};
/* End PBXResourcesBuildPhase section */

/* Begin PBXSourcesBuildPhase section */
		F139B9A627CBE69800AC2D31 /* Sources */ = {
			isa = PBXSourcesBuildPhase;
			buildActionMask = 2147483647;
			files = (
				F139B9B227CBE69800AC2D31 /* ViewController.swift in Sources */,
				F139B9AE27CBE69800AC2D31 /* AppDelegate.swift in Sources */,
				F139B9B027CBE69800AC2D31 /* SceneDelegate.swift in Sources */,
			);
			runOnlyForDeploymentPostprocessing = 0;
		};
		F139B9BC27CBE69900AC2D31 /* Sources */ = {
			isa = PBXSourcesBuildPhase;
			buildActionMask = 2147483647;
			files = (
				F139B9C527CBE69900AC2D31 /* task2Tests.swift in Sources */,
			);
			runOnlyForDeploymentPostprocessing = 0;
		};
		F139B9C627CBE69900AC2D31 /* Sources */ = {
			isa = PBXSourcesBuildPhase;
			buildActionMask = 2147483647;
			files = (
				F139B9D127CBE69900AC2D31 /* task2UITestsLaunchTests.swift in Sources */,
				F139B9CF27CBE69900AC2D31 /* task2UITests.swift in Sources */,
			);
			runOnlyForDeploymentPostprocessing = 0;
		};
/* End PBXSourcesBuildPhase section */

/* Begin PBXTargetDependency section */
		F139B9C227CBE69900AC2D31 /* PBXTargetDependency */ = {
			isa = PBXTargetDependency;
			target = F139B9A927CBE69800AC2D31 /* task2 */;
			targetProxy = F139B9C127CBE69900AC2D31 /* PBXContainerItemProxy */;
		};
		F139B9CC27CBE69900AC2D31 /* PBXTargetDependency */ = {
			isa = PBXTargetDependency;
			target = F139B9A927CBE69800AC2D31 /* task2 */;
			targetProxy = F139B9CB27CBE69900AC2D31 /* PBXContainerItemProxy */;
		};
/* End PBXTargetDependency section */

/* Begin PBXVariantGroup section */
		F139B9B327CBE69800AC2D31 /* Main.storyboard */ = {
			isa = PBXVariantGroup;
			children = (
				F139B9B427CBE69800AC2D31 /* Base */,
			);
			name = Main.storyboard;
			sourceTree = "<group>";
		};
		F139B9B827CBE69900AC2D31 /* LaunchScreen.storyboard */ = {
			isa = PBXVariantGroup;
			children = (
				F139B9B927CBE69900AC2D31 /* Base */,
			);
			name = LaunchScreen.storyboard;
			sourceTree = "<group>";
		};
/* End PBXVariantGroup section */

/* Begin XCBuildConfiguration section */
		F139B9D227CBE69900AC2D31 /* Debug */ = {
			isa = XCBuildConfiguration;
			buildSettings = {
				ALWAYS_SEARCH_USER_PATHS = NO;
				CLANG_ANALYZER_NONNULL = YES;
				CLANG_ANALYZER_NUMBER_OBJECT_CONVERSION = YES_AGGRESSIVE;
				CLANG_CXX_LANGUAGE_STANDARD = "gnu++17";
				CLANG_CXX_LIBRARY = "libc++";
				CLANG_ENABLE_MODULES = YES;
				CLANG_ENABLE_OBJC_ARC = YES;
				CLANG_ENABLE_OBJC_WEAK = YES;
				CLANG_WARN_BLOCK_CAPTURE_AUTORELEASING = YES;
				CLANG_WARN_BOOL_CONVERSION = YES;
				CLANG_WARN_COMMA = YES;
				CLANG_WARN_CONSTANT_CONVERSION = YES;
				CLANG_WARN_DEPRECATED_OBJC_IMPLEMENTATIONS = YES;
				CLANG_WARN_DIRECT_OBJC_ISA_USAGE = YES_ERROR;
				CLANG_WARN_DOCUMENTATION_COMMENTS = YES;
				CLANG_WARN_EMPTY_BODY = YES;
				CLANG_WARN_ENUM_CONVERSION = YES;
				CLANG_WARN_INFINITE_RECURSION = YES;
				CLANG_WARN_INT_CONVERSION = YES;
				CLANG_WARN_NON_LITERAL_NULL_CONVERSION = YES;
				CLANG_WARN_OBJC_IMPLICIT_RETAIN_SELF = YES;
				CLANG_WARN_OBJC_LITERAL_CONVERSION = YES;
				CLANG_WARN_OBJC_ROOT_CLASS = YES_ERROR;
				CLANG_WARN_QUOTED_INCLUDE_IN_FRAMEWORK_HEADER = YES;
				CLANG_WARN_RANGE_LOOP_ANALYSIS = YES;
				CLANG_WARN_STRICT_PROTOTYPES = YES;
				CLANG_WARN_SUSPICIOUS_MOVE = YES;
				CLANG_WARN_UNGUARDED_AVAILABILITY = YES_AGGRESSIVE;
				CLANG_WARN_UNREACHABLE_CODE = YES;
				CLANG_WARN__DUPLICATE_METHOD_MATCH = YES;
				COPY_PHASE_STRIP = NO;
				DEBUG_INFORMATION_FORMAT = dwarf;
				ENABLE_STRICT_OBJC_MSGSEND = YES;
				ENABLE_TESTABILITY = YES;
				GCC_C_LANGUAGE_STANDARD = gnu11;
				GCC_DYNAMIC_NO_PIC = NO;
				GCC_NO_COMMON_BLOCKS = YES;
				GCC_OPTIMIZATION_LEVEL = 0;
				GCC_PREPROCESSOR_DEFINITIONS = (
					"DEBUG=1",
					"$(inherited)",
				);
				GCC_WARN_64_TO_32_BIT_CONVERSION = YES;
				GCC_WARN_ABOUT_RETURN_TYPE = YES_ERROR;
				GCC_WARN_UNDECLARED_SELECTOR = YES;
				GCC_WARN_UNINITIALIZED_AUTOS = YES_AGGRESSIVE;
				GCC_WARN_UNUSED_FUNCTION = YES;
				GCC_WARN_UNUSED_VARIABLE = YES;
				IPHONEOS_DEPLOYMENT_TARGET = 15.2;
				MTL_ENABLE_DEBUG_INFO = INCLUDE_SOURCE;
				MTL_FAST_MATH = YES;
				ONLY_ACTIVE_ARCH = YES;
				SDKROOT = iphoneos;
				SWIFT_ACTIVE_COMPILATION_CONDITIONS = DEBUG;
				SWIFT_OPTIMIZATION_LEVEL = "-Onone";
			};
			name = Debug;
		};
		F139B9D327CBE69900AC2D31 /* Release */ = {
			isa = XCBuildConfiguration;
			buildSettings = {
				ALWAYS_SEARCH_USER_PATHS = NO;
				CLANG_ANALYZER_NONNULL = YES;
				CLANG_ANALYZER_NUMBER_OBJECT_CONVERSION = YES_AGGRESSIVE;
				CLANG_CXX_LANGUAGE_STANDARD = "gnu++17";
				CLANG_CXX_LIBRARY = "libc++";
				CLANG_ENABLE_MODULES = YES;
				CLANG_ENABLE_OBJC_ARC = YES;
				CLANG_ENABLE_OBJC_WEAK = YES;
				CLANG_WARN_BLOCK_CAPTURE_AUTORELEASING = YES;
				CLANG_WARN_BOOL_CONVERSION = YES;
				CLANG_WARN_COMMA = YES;
				CLANG_WARN_CONSTANT_CONVERSION = YES;
				CLANG_WARN_DEPRECATED_OBJC_IMPLEMENTATIONS = YES;
				CLANG_WARN_DIRECT_OBJC_ISA_USAGE = YES_ERROR;
				CLANG_WARN_DOCUMENTATION_COMMENTS = YES;
				CLANG_WARN_EMPTY_BODY = YES;
				CLANG_WARN_ENUM_CONVERSION = YES;
				CLANG_WARN_INFINITE_RECURSION = YES;
				CLANG_WARN_INT_CONVERSION = YES;
				CLANG_WARN_NON_LITERAL_NULL_CONVERSION = YES;
				CLANG_WARN_OBJC_IMPLICIT_RETAIN_SELF = YES;
				CLANG_WARN_OBJC_LITERAL_CONVERSION = YES;
				CLANG_WARN_OBJC_ROOT_CLASS = YES_ERROR;
				CLANG_WARN_QUOTED_INCLUDE_IN_FRAMEWORK_HEADER = YES;
				CLANG_WARN_RANGE_LOOP_ANALYSIS = YES;
				CLANG_WARN_STRICT_PROTOTYPES = YES;
				CLANG_WARN_SUSPICIOUS_MOVE = YES;
				CLANG_WARN_UNGUARDED_AVAILABILITY = YES_AGGRESSIVE;
				CLANG_WARN_UNREACHABLE_CODE = YES;
				CLANG_WARN__DUPLICATE_METHOD_MATCH = YES;
				COPY_PHASE_STRIP = NO;
				DEBUG_INFORMATION_FORMAT = "dwarf-with-dsym";
				ENABLE_NS_ASSERTIONS = NO;
				ENABLE_STRICT_OBJC_MSGSEND = YES;
				GCC_C_LANGUAGE_STANDARD = gnu11;
				GCC_NO_COMMON_BLOCKS = YES;
				GCC_WARN_64_TO_32_BIT_CONVERSION = YES;
				GCC_WARN_ABOUT_RETURN_TYPE = YES_ERROR;
				GCC_WARN_UNDECLARED_SELECTOR = YES;
				GCC_WARN_UNINITIALIZED_AUTOS = YES_AGGRESSIVE;
				GCC_WARN_UNUSED_FUNCTION = YES;
				GCC_WARN_UNUSED_VARIABLE = YES;
				IPHONEOS_DEPLOYMENT_TARGET = 15.2;
				MTL_ENABLE_DEBUG_INFO = NO;
				MTL_FAST_MATH = YES;
				SDKROOT = iphoneos;
				SWIFT_COMPILATION_MODE = wholemodule;
				SWIFT_OPTIMIZATION_LEVEL = "-O";
				VALIDATE_PRODUCT = YES;
			};
			name = Release;
		};
		F139B9D527CBE69900AC2D31 /* Debug */ = {
			isa = XCBuildConfiguration;
			buildSettings = {
				ASSETCATALOG_COMPILER_APPICON_NAME = AppIcon;
				ASSETCATALOG_COMPILER_GLOBAL_ACCENT_COLOR_NAME = AccentColor;
				CODE_SIGN_STYLE = Automatic;
				CURRENT_PROJECT_VERSION = 1;
				DEVELOPMENT_TEAM = GM8778RD6Q;
				GENERATE_INFOPLIST_FILE = YES;
				INFOPLIST_FILE = task2/Info.plist;
				INFOPLIST_KEY_UIApplicationSupportsIndirectInputEvents = YES;
				INFOPLIST_KEY_UILaunchStoryboardName = LaunchScreen;
				INFOPLIST_KEY_UIMainStoryboardFile = Main;
				INFOPLIST_KEY_UISupportedInterfaceOrientations_iPad = "UIInterfaceOrientationPortrait UIInterfaceOrientationPortraitUpsideDown UIInterfaceOrientationLandscapeLeft UIInterfaceOrientationLandscapeRight";
				INFOPLIST_KEY_UISupportedInterfaceOrientations_iPhone = "UIInterfaceOrientationPortrait UIInterfaceOrientationLandscapeLeft UIInterfaceOrientationLandscapeRight";
				LD_RUNPATH_SEARCH_PATHS = (
					"$(inherited)",
					"@executable_path/Frameworks",
				);
				MARKETING_VERSION = 1.0;
				PRODUCT_BUNDLE_IDENTIFIER = KBTU.task2;
				PRODUCT_NAME = "$(TARGET_NAME)";
				SWIFT_EMIT_LOC_STRINGS = YES;
				SWIFT_VERSION = 5.0;
				TARGETED_DEVICE_FAMILY = "1,2";
			};
			name = Debug;
		};
		F139B9D627CBE69900AC2D31 /* Release */ = {
			isa = XCBuildConfiguration;
			buildSettings = {
				ASSETCATALOG_COMPILER_APPICON_NAME = AppIcon;
				ASSETCATALOG_COMPILER_GLOBAL_ACCENT_COLOR_NAME = AccentColor;
				CODE_SIGN_STYLE = Automatic;
				CURRENT_PROJECT_VERSION = 1;
				DEVELOPMENT_TEAM = GM8778RD6Q;
				GENERATE_INFOPLIST_FILE = YES;
				INFOPLIST_FILE = task2/Info.plist;
				INFOPLIST_KEY_UIApplicationSupportsIndirectInputEvents = YES;
				INFOPLIST_KEY_UILaunchStoryboardName = LaunchScreen;
				INFOPLIST_KEY_UIMainStoryboardFile = Main;
				INFOPLIST_KEY_UISupportedInterfaceOrientations_iPad = "UIInterfaceOrientationPortrait UIInterfaceOrientationPortraitUpsideDown UIInterfaceOrientationLandscapeLeft UIInterfaceOrientationLandscapeRight";
				INFOPLIST_KEY_UISupportedInterfaceOrientations_iPhone = "UIInterfaceOrientationPortrait UIInterfaceOrientationLandscapeLeft UIInterfaceOrientationLandscapeRight";
				LD_RUNPATH_SEARCH_PATHS = (
					"$(inherited)",
					"@executable_path/Frameworks",
				);
				MARKETING_VERSION = 1.0;
				PRODUCT_BUNDLE_IDENTIFIER = KBTU.task2;
				PRODUCT_NAME = "$(TARGET_NAME)";
				SWIFT_EMIT_LOC_STRINGS = YES;
				SWIFT_VERSION = 5.0;
				TARGETED_DEVICE_FAMILY = "1,2";
			};
			name = Release;
		};
		F139B9D827CBE69900AC2D31 /* Debug */ = {
			isa = XCBuildConfiguration;
			buildSettings = {
				ALWAYS_EMBED_SWIFT_STANDARD_LIBRARIES = YES;
				BUNDLE_LOADER = "$(TEST_HOST)";
				CODE_SIGN_STYLE = Automatic;
				CURRENT_PROJECT_VERSION = 1;
				DEVELOPMENT_TEAM = GM8778RD6Q;
				GENERATE_INFOPLIST_FILE = YES;
				IPHONEOS_DEPLOYMENT_TARGET = 15.2;
				MARKETING_VERSION = 1.0;
				PRODUCT_BUNDLE_IDENTIFIER = KBTU.task2Tests;
				PRODUCT_NAME = "$(TARGET_NAME)";
				SWIFT_EMIT_LOC_STRINGS = NO;
				SWIFT_VERSION = 5.0;
				TARGETED_DEVICE_FAMILY = "1,2";
				TEST_HOST = "$(BUILT_PRODUCTS_DIR)/task2.app/task2";
			};
			name = Debug;
		};
		F139B9D927CBE69900AC2D31 /* Release */ = {
			isa = XCBuildConfiguration;
			buildSettings = {
				ALWAYS_EMBED_SWIFT_STANDARD_LIBRARIES = YES;
				BUNDLE_LOADER = "$(TEST_HOST)";
				CODE_SIGN_STYLE = Automatic;
				CURRENT_PROJECT_VERSION = 1;
				DEVELOPMENT_TEAM = GM8778RD6Q;
				GENERATE_INFOPLIST_FILE = YES;
				IPHONEOS_DEPLOYMENT_TARGET = 15.2;
				MARKETING_VERSION = 1.0;
				PRODUCT_BUNDLE_IDENTIFIER = KBTU.task2Tests;
				PRODUCT_NAME = "$(TARGET_NAME)";
				SWIFT_EMIT_LOC_STRINGS = NO;
				SWIFT_VERSION = 5.0;
				TARGETED_DEVICE_FAMILY = "1,2";
				TEST_HOST = "$(BUILT_PRODUCTS_DIR)/task2.app/task2";
			};
			name = Release;
		};
		F139B9DB27CBE69900AC2D31 /* Debug */ = {
			isa = XCBuildConfiguration;
			buildSettings = {
				ALWAYS_EMBED_SWIFT_STANDARD_LIBRARIES = YES;
				CODE_SIGN_STYLE = Automatic;
				CURRENT_PROJECT_VERSION = 1;
				DEVELOPMENT_TEAM = GM8778RD6Q;
				GENERATE_INFOPLIST_FILE = YES;
				MARKETING_VERSION = 1.0;
				PRODUCT_BUNDLE_IDENTIFIER = KBTU.task2UITests;
				PRODUCT_NAME = "$(TARGET_NAME)";
				SWIFT_EMIT_LOC_STRINGS = NO;
				SWIFT_VERSION = 5.0;
				TARGETED_DEVICE_FAMILY = "1,2";
				TEST_TARGET_NAME = task2;
			};
			name = Debug;
		};
		F139B9DC27CBE69900AC2D31 /* Release */ = {
			isa = XCBuildConfiguration;
			buildSettings = {
				ALWAYS_EMBED_SWIFT_STANDARD_LIBRARIES = YES;
				CODE_SIGN_STYLE = Automatic;
				CURRENT_PROJECT_VERSION = 1;
				DEVELOPMENT_TEAM = GM8778RD6Q;
				GENERATE_INFOPLIST_FILE = YES;
				MARKETING_VERSION = 1.0;
				PRODUCT_BUNDLE_IDENTIFIER = KBTU.task2UITests;
				PRODUCT_NAME = "$(TARGET_NAME)";
				SWIFT_EMIT_LOC_STRINGS = NO;
				SWIFT_VERSION = 5.0;
				TARGETED_DEVICE_FAMILY = "1,2";
				TEST_TARGET_NAME = task2;
			};
			name = Release;
		};
/* End XCBuildConfiguration section */

/* Begin XCConfigurationList section */
		F139B9A527CBE69800AC2D31 /* Build configuration list for PBXProject "task2" */ = {
			isa = XCConfigurationList;
			buildConfigurations = (
				F139B9D227CBE69900AC2D31 /* Debug */,
				F139B9D327CBE69900AC2D31 /* Release */,
			);
			defaultConfigurationIsVisible = 0;
			defaultConfigurationName = Release;
		};
		F139B9D427CBE69900AC2D31 /* Build configuration list for PBXNativeTarget "task2" */ = {
			isa = XCConfigurationList;
			buildConfigurations = (
				F139B9D527CBE69900AC2D31 /* Debug */,
				F139B9D627CBE69900AC2D31 /* Release */,
			);
			defaultConfigurationIsVisible = 0;
			defaultConfigurationName = Release;
		};
		F139B9D727CBE69900AC2D31 /* Build configuration list for PBXNativeTarget "task2Tests" */ = {
			isa = XCConfigurationList;
			buildConfigurations = (
				F139B9D827CBE69900AC2D31 /* Debug */,
				F139B9D927CBE69900AC2D31 /* Release */,
			);
			defaultConfigurationIsVisible = 0;
			defaultConfigurationName = Release;
		};
		F139B9DA27CBE69900AC2D31 /* Build configuration list for PBXNativeTarget "task2UITests" */ = {
			isa = XCConfigurationList;
			buildConfigurations = (
				F139B9DB27CBE69900AC2D31 /* Debug */,
				F139B9DC27CBE69900AC2D31 /* Release */,
			);
			defaultConfigurationIsVisible = 0;
			defaultConfigurationName = Release;
		};
/* End XCConfigurationList section */
	};
	rootObject = F139B9A227CBE69800AC2D31 /* Project object */;
}
